
Microsoft Visual Studio Solution File, Format Version 12.00
# Visual Studio Version 17
VisualStudioVersion = 17.13.35931.197 d17.13
MinimumVisualStudioVersion = 10.0.40219.1
Project("{FAE04EC0-301F-11D3-BF4B-00C04F79EFBC}") = "BookManager", "BookManager\BookManager.csproj", "{8CDE64D1-35F3-4B09-B6BC-686A94BE49C6}"
EndProject
Project("{FAE04EC0-301F-11D3-BF4B-00C04F79EFBC}") = "BookManager.Domain", "BookManager.Domain\BookManager.Domain.csproj", "{9373306E-3436-4181-AA48-46834E8CBEA1}"
EndProject
Project("{FAE04EC0-301F-11D3-BF4B-00C04F79EFBC}") = "BookManager.Entities", "BookManager.Entities\BookManager.Entities.csproj", "{56625031-92EC-40F9-AD12-AA3235E1A87C}"
EndProject
Global
	GlobalSection(SolutionConfigurationPlatforms) = preSolution
		Debug|Any CPU = Debug|Any CPU
		Release|Any CPU = Release|Any CPU
	EndGlobalSection
	GlobalSection(ProjectConfigurationPlatforms) = postSolution
		{8CDE64D1-35F3-4B09-B6BC-686A94BE49C6}.Debug|Any CPU.ActiveCfg = Debug|Any CPU
		{8CDE64D1-35F3-4B09-B6BC-686A94BE49C6}.Debug|Any CPU.Build.0 = Debug|Any CPU
		{8CDE64D1-35F3-4B09-B6BC-686A94BE49C6}.Release|Any CPU.ActiveCfg = Release|Any CPU
		{8CDE64D1-35F3-4B09-B6BC-686A94BE49C6}.Release|Any CPU.Build.0 = Release|Any CPU
		{9373306E-3436-4181-AA48-46834E8CBEA1}.Debug|Any CPU.ActiveCfg = Debug|Any CPU
		{9373306E-3436-4181-AA48-46834E8CBEA1}.Debug|Any CPU.Build.0 = Debug|Any CPU
		{9373306E-3436-4181-AA48-46834E8CBEA1}.Release|Any CPU.ActiveCfg = Release|Any CPU
		{9373306E-3436-4181-AA48-46834E8CBEA1}.Release|Any CPU.Build.0 = Release|Any CPU
		{56625031-92EC-40F9-AD12-AA3235E1A87C}.Debug|Any CPU.ActiveCfg = Debug|Any CPU
		{56625031-92EC-40F9-AD12-AA3235E1A87C}.Debug|Any CPU.Build.0 = Debug|Any CPU
		{56625031-92EC-40F9-AD12-AA3235E1A87C}.Release|Any CPU.ActiveCfg = Release|Any CPU
		{56625031-92EC-40F9-AD12-AA3235E1A87C}.Release|Any CPU.Build.0 = Release|Any CPU
	EndGlobalSection
	GlobalSection(SolutionProperties) = preSolution
		HideSolutionNode = FALSE
	EndGlobalSection
	GlobalSection(ExtensibilityGlobals) = postSolution
		SolutionGuid = {5B714191-7AC3-49E5-B663-59100CF44CB7}
	EndGlobalSection
EndGlobal
